{
  "name": "postgram",
  "lockfileVersion": 3,
  "requires": true,
  "packages": {
    "": {
      "dependencies": {
        "cloudinary": "^1.39.0",
        "express-formidable": "^1.2.0",
        "react-icons": "^5.0.1"
      }
    },
    "node_modules/cloudinary": {
      "version": "1.39.0",
      "resolved": "https://registry.npmjs.org/cloudinary/-/cloudinary-1.39.0.tgz",
      "integrity": "sha512-xVCzduGsEgYWe/xnbB6rrx56NCvPtqJGh+G6aTSdattxpuewgFH9S/7JCIatLQcBw2JzkJKAYJ1wdRg/QiRFlw==",
      "dependencies": {
        "cloudinary-core": "^2.13.0",
        "core-js": "^3.30.1",
        "lodash": "^4.17.21",
        "q": "^1.5.1"
      },
      "engines": {
        "node": ">=0.6"
      }
    },
    "node_modules/cloudinary-core": {
      "version": "2.13.0",
      "resolved": "https://registry.npmjs.org/cloudinary-core/-/cloudinary-core-2.13.0.tgz",
      "integrity": "sha512-Nt0Q5I2FtenmJghtC4YZ3MZZbGg1wLm84SsxcuVwZ83OyJqG9CNIGp86CiI6iDv3QobaqBUpOT7vg+HqY5HxEA==",
      "peerDependencies": {
        "lodash": ">=4.0"
      }
    },
    "node_modules/core-js": {
      "version": "3.32.0",
      "resolved": "https://registry.npmjs.org/core-js/-/core-js-3.32.0.tgz",
      "integrity": "sha512-rd4rYZNlF3WuoYuRIDEmbR/ga9CeuWX9U05umAvgrrZoHY4Z++cp/xwPQMvUpBB4Ag6J8KfD80G0zwCyaSxDww==",
      "hasInstallScript": true,
      "funding": {
        "type": "opencollective",
        "url": "https://opencollective.com/core-js"
      }
    },
    "node_modules/express-formidable": {
      "version": "1.2.0",
      "resolved": "https://registry.npmjs.org/express-formidable/-/express-formidable-1.2.0.tgz",
      "integrity": "sha512-w1vXjF3gb50UKTNkFaW8/4rqY4dUrKfZ1sAZzwAF9YxCAgj/29QZsycf71di0GkskrZOAkubk9pvGYfxyAMYiw==",
      "dependencies": {
        "formidable": "^1.0.17"
      },
      "engines": {
        "node": ">= 8"
      }
    },
    "node_modules/formidable": {
      "version": "1.2.6",
      "resolved": "https://registry.npmjs.org/formidable/-/formidable-1.2.6.tgz",
      "integrity": "sha512-KcpbcpuLNOwrEjnbpMC0gS+X8ciDoZE1kkqzat4a8vrprf+s9pKNQ/QIwWfbfs4ltgmFl3MD177SNTkve3BwGQ==",
      "deprecated": "Please upgrade to latest, formidable@v2 or formidable@v3! Check these notes: https://bit.ly/2ZEqIau",
      "funding": {
        "url": "https://ko-fi.com/tunnckoCore/commissions"
      }
    },
    "node_modules/js-tokens": {
      "version": "4.0.0",
      "resolved": "https://registry.npmjs.org/js-tokens/-/js-tokens-4.0.0.tgz",
      "integrity": "sha512-RdJUflcE3cUzKiMqQgsCu06FPu9UdIJO0beYbPhHN4k6apgJtifcoCtT9bcxOpYBtpD2kCM6Sbzg4CausW/PKQ==",
      "peer": true
    },
    "node_modules/lodash": {
      "version": "4.17.21",
      "resolved": "https://registry.npmjs.org/lodash/-/lodash-4.17.21.tgz",
      "integrity": "sha512-v2kDEe57lecTulaDIuNTPy3Ry4gLGJ6Z1O3vE1krgXZNrsQ+LFTGHVxVjcXPs17LhbZVGedAJv8XZ1tvj5FvSg=="
    },
    "node_modules/loose-envify": {
      "version": "1.4.0",
      "resolved": "https://registry.npmjs.org/loose-envify/-/loose-envify-1.4.0.tgz",
      "integrity": "sha512-lyuxPGr/Wfhrlem2CL/UcnUc1zcqKAImBDzukY7Y5F/yQiNdko6+fRLevlw1HgMySw7f611UIY408EtxRSoK3Q==",
      "peer": true,
      "dependencies": {
        "js-tokens": "^3.0.0 || ^4.0.0"
      },
      "bin": {
        "loose-envify": "cli.js"
      }
    },
    "node_modules/q": {
      "version": "1.5.1",
      "resolved": "https://registry.npmjs.org/q/-/q-1.5.1.tgz",
      "integrity": "sha512-kV/CThkXo6xyFEZUugw/+pIOywXcDbFYgSct5cT3gqlbkBE1SJdwy6UQoZvodiWF/ckQLZyDE/Bu1M6gVu5lVw==",
      "engines": {
        "node": ">=0.6.0",
        "teleport": ">=0.2.0"
      }
    },
    "node_modules/react": {
      "version": "18.2.0",
      "resolved": "https://registry.npmjs.org/react/-/react-18.2.0.tgz",
      "integrity": "sha512-/3IjMdb2L9QbBdWiW5e3P2/npwMBaU9mHCSCUzNln0ZCYbcfTsGbTJrU/kGemdH2IWmB2ioZ+zkxtmq6g09fGQ==",
      "peer": true,
      "dependencies": {
        "loose-envify": "^1.1.0"
      },
      "engines": {
        "node": ">=0.10.0"
      }
    },
    "node_modules/react-icons": {
      "version": "5.0.1",
      "resolved": "https://registry.npmjs.org/react-icons/-/react-icons-5.0.1.tgz",
      "integrity": "sha512-WqLZJ4bLzlhmsvme6iFdgO8gfZP17rfjYEJ2m9RsZjZ+cc4k1hTzknEz63YS1MeT50kVzoa1Nz36f4BEx+Wigw==",
      "peerDependencies": {
        "react": "*"
      }
    }
  }
}
